
Microsoft Visual Studio Solution File, Format Version 12.00
# Visual Studio Version 16
VisualStudioVersion = 16.0.31624.102
MinimumVisualStudioVersion = 10.0.40219.1
Project("{FAE04EC0-301F-11D3-BF4B-00C04F79EFBC}") = "3_02b_6", "3_02b_6\3_02b_6.csproj", "{106989CD-2AD5-465B-BC80-EC6EC9F25758}"
EndProject
Global
	GlobalSection(SolutionConfigurationPlatforms) = preSolution
		Debug|Any CPU = Debug|Any CPU
		Release|Any CPU = Release|Any CPU
	EndGlobalSection
	GlobalSection(ProjectConfigurationPlatforms) = postSolution
		{106989CD-2AD5-465B-BC80-EC6EC9F25758}.Debug|Any CPU.ActiveCfg = Debug|Any CPU
		{106989CD-2AD5-465B-BC80-EC6EC9F25758}.Debug|Any CPU.Build.0 = Debug|Any CPU
		{106989CD-2AD5-465B-BC80-EC6EC9F25758}.Release|Any CPU.ActiveCfg = Release|Any CPU
		{106989CD-2AD5-465B-BC80-EC6EC9F25758}.Release|Any CPU.Build.0 = Release|Any CPU
	EndGlobalSection
	GlobalSection(SolutionProperties) = preSolution
		HideSolutionNode = FALSE
	EndGlobalSection
	GlobalSection(ExtensibilityGlobals) = postSolution
		SolutionGuid = {739BEEDE-A829-4200-AEFC-F183F8BE796A}
	EndGlobalSection
EndGlobal
